
Microsoft Visual Studio Solution File, Format Version 12.00
# Visual Studio 15
VisualStudioVersion = 15.0.27130.2010
MinimumVisualStudioVersion = 10.0.40219.1
Project("{9A19103F-16F7-4668-BE54-9A1E7A4F7556}") = "Ensure", "Ensure\Ensure.csproj", "{A570E204-C0C6-4BDB-AC60-705AD8E172CF}"
EndProject
Project("{9A19103F-16F7-4668-BE54-9A1E7A4F7556}") = "Ensure.UnitTests", "Ensure.UnitTests\Ensure.UnitTests.csproj", "{0880663D-4B9F-4143-A70E-08B62B318E9C}"
EndProject
Global
	GlobalSection(SolutionConfigurationPlatforms) = preSolution
		Debug|Any CPU = Debug|Any CPU
		Release|Any CPU = Release|Any CPU
	EndGlobalSection
	GlobalSection(ProjectConfigurationPlatforms) = postSolution
		{A570E204-C0C6-4BDB-AC60-705AD8E172CF}.Debug|Any CPU.ActiveCfg = Debug|Any CPU
		{A570E204-C0C6-4BDB-AC60-705AD8E172CF}.Debug|Any CPU.Build.0 = Debug|Any CPU
		{A570E204-C0C6-4BDB-AC60-705AD8E172CF}.Release|Any CPU.ActiveCfg = Release|Any CPU
		{A570E204-C0C6-4BDB-AC60-705AD8E172CF}.Release|Any CPU.Build.0 = Release|Any CPU
		{0880663D-4B9F-4143-A70E-08B62B318E9C}.Debug|Any CPU.ActiveCfg = Debug|Any CPU
		{0880663D-4B9F-4143-A70E-08B62B318E9C}.Debug|Any CPU.Build.0 = Debug|Any CPU
		{0880663D-4B9F-4143-A70E-08B62B318E9C}.Release|Any CPU.ActiveCfg = Release|Any CPU
		{0880663D-4B9F-4143-A70E-08B62B318E9C}.Release|Any CPU.Build.0 = Release|Any CPU
	EndGlobalSection
	GlobalSection(SolutionProperties) = preSolution
		HideSolutionNode = FALSE
	EndGlobalSection
	GlobalSection(ExtensibilityGlobals) = postSolution
		SolutionGuid = {EA530CED-D3CA-456B-9288-2EF25D8DBB60}
	EndGlobalSection
EndGlobal
